
Microsoft Visual Studio Solution File, Format Version 12.00
# Visual Studio Version 17
VisualStudioVersion = 17.14.36109.1 d17.14
MinimumVisualStudioVersion = 10.0.40219.1
Project("{FAE04EC0-301F-11D3-BF4B-00C04F79EFBC}") = "Export-DataGridView-to-Excel", "Export-DataGridView-to-Excel\Export-DataGridView-to-Excel.csproj", "{5052ACA5-7979-47E9-A382-776DFAF0CC00}"
EndProject
Global
	GlobalSection(SolutionConfigurationPlatforms) = preSolution
		Debug|Any CPU = Debug|Any CPU
		Release|Any CPU = Release|Any CPU
	EndGlobalSection
	GlobalSection(ProjectConfigurationPlatforms) = postSolution
		{5052ACA5-7979-47E9-A382-776DFAF0CC00}.Debug|Any CPU.ActiveCfg = Debug|Any CPU
		{5052ACA5-7979-47E9-A382-776DFAF0CC00}.Debug|Any CPU.Build.0 = Debug|Any CPU
		{5052ACA5-7979-47E9-A382-776DFAF0CC00}.Release|Any CPU.ActiveCfg = Release|Any CPU
		{5052ACA5-7979-47E9-A382-776DFAF0CC00}.Release|Any CPU.Build.0 = Release|Any CPU
	EndGlobalSection
	GlobalSection(SolutionProperties) = preSolution
		HideSolutionNode = FALSE
	EndGlobalSection
	GlobalSection(ExtensibilityGlobals) = postSolution
		SolutionGuid = {85842E9D-22D2-4269-8642-A22B3EF5CAEC}
	EndGlobalSection
EndGlobal
