
Microsoft Visual Studio Solution File, Format Version 12.00
# Visual Studio 15
VisualStudioVersion = 15.0.28307.168
MinimumVisualStudioVersion = 10.0.40219.1
Project("{FAE04EC0-301F-11D3-BF4B-00C04F79EFBC}") = "Export-CollectionObjects-to-Excel", "Export-CollectionObjects-to-Excel\Export-CollectionObjects-to-Excel.csproj", "{40C2BD39-2263-4BF5-BD08-0965E8CCDC92}"
EndProject
Global
	GlobalSection(SolutionConfigurationPlatforms) = preSolution
		Debug|Any CPU = Debug|Any CPU
		Release|Any CPU = Release|Any CPU
	EndGlobalSection
	GlobalSection(ProjectConfigurationPlatforms) = postSolution
		{40C2BD39-2263-4BF5-BD08-0965E8CCDC92}.Debug|Any CPU.ActiveCfg = Debug|Any CPU
		{40C2BD39-2263-4BF5-BD08-0965E8CCDC92}.Debug|Any CPU.Build.0 = Debug|Any CPU
		{40C2BD39-2263-4BF5-BD08-0965E8CCDC92}.Release|Any CPU.ActiveCfg = Release|Any CPU
		{40C2BD39-2263-4BF5-BD08-0965E8CCDC92}.Release|Any CPU.Build.0 = Release|Any CPU
	EndGlobalSection
	GlobalSection(SolutionProperties) = preSolution
		HideSolutionNode = FALSE
	EndGlobalSection
	GlobalSection(ExtensibilityGlobals) = postSolution
		SolutionGuid = {3E8C15EC-8CFE-478C-A0ED-5B663B7C0F0B}
	EndGlobalSection
EndGlobal
