
Microsoft Visual Studio Solution File, Format Version 12.00
# Visual Studio 15
VisualStudioVersion = 15.0.28307.168
MinimumVisualStudioVersion = 10.0.40219.1
Project("{FAE04EC0-301F-11D3-BF4B-00C04F79EFBC}") = "Export-DataBase-to-Excel", "Export-DataBase-to-Excel\Export-DataBase-to-Excel.csproj", "{BB1FEB64-1B07-4CEA-8D0D-776833CB9AEB}"
EndProject
Global
	GlobalSection(SolutionConfigurationPlatforms) = preSolution
		Debug|Any CPU = Debug|Any CPU
		Release|Any CPU = Release|Any CPU
	EndGlobalSection
	GlobalSection(ProjectConfigurationPlatforms) = postSolution
		{BB1FEB64-1B07-4CEA-8D0D-776833CB9AEB}.Debug|Any CPU.ActiveCfg = Debug|Any CPU
		{BB1FEB64-1B07-4CEA-8D0D-776833CB9AEB}.Debug|Any CPU.Build.0 = Debug|Any CPU
		{BB1FEB64-1B07-4CEA-8D0D-776833CB9AEB}.Release|Any CPU.ActiveCfg = Release|Any CPU
		{BB1FEB64-1B07-4CEA-8D0D-776833CB9AEB}.Release|Any CPU.Build.0 = Release|Any CPU
	EndGlobalSection
	GlobalSection(SolutionProperties) = preSolution
		HideSolutionNode = FALSE
	EndGlobalSection
	GlobalSection(ExtensibilityGlobals) = postSolution
		SolutionGuid = {8704BC08-7AF4-4007-9EE2-135A92515F61}
	EndGlobalSection
EndGlobal
