
Microsoft Visual Studio Solution File, Format Version 12.00
# Visual Studio 15
VisualStudioVersion = 15.0.28307.168
MinimumVisualStudioVersion = 10.0.40219.1
Project("{9A19103F-16F7-4668-BE54-9A1E7A4F7556}") = "Export-CSV-to-Excel", "Export-CSV-to-Excel\Export-CSV-to-Excel.csproj", "{2FB159E0-C43B-4B88-BAF1-9030DF5A0195}"
EndProject
Global
	GlobalSection(SolutionConfigurationPlatforms) = preSolution
		Debug|Any CPU = Debug|Any CPU
		Release|Any CPU = Release|Any CPU
	EndGlobalSection
	GlobalSection(ProjectConfigurationPlatforms) = postSolution
		{2FB159E0-C43B-4B88-BAF1-9030DF5A0195}.Debug|Any CPU.ActiveCfg = Debug|Any CPU
		{2FB159E0-C43B-4B88-BAF1-9030DF5A0195}.Debug|Any CPU.Build.0 = Debug|Any CPU
		{2FB159E0-C43B-4B88-BAF1-9030DF5A0195}.Release|Any CPU.ActiveCfg = Release|Any CPU
		{2FB159E0-C43B-4B88-BAF1-9030DF5A0195}.Release|Any CPU.Build.0 = Release|Any CPU
	EndGlobalSection
	GlobalSection(SolutionProperties) = preSolution
		HideSolutionNode = FALSE
	EndGlobalSection
	GlobalSection(ExtensibilityGlobals) = postSolution
		SolutionGuid = {EA68AB82-33F1-4E03-90A7-730AAB8EDD3F}
	EndGlobalSection
EndGlobal
